// !$*UTF8*$!
{
	archiveVersion = 1;
	classes = {
	};
	objectVersion = 50;
	objects = {

/* Begin PBXBuildFile section */
<<<<<<< HEAD:Meeting/Meeting.xcodeproj/project.pbxproj
		614464B720ACE5FC002C611B /* AppDelegate.swift in Sources */ = {isa = PBXBuildFile; fileRef = 614464B620ACE5FC002C611B /* AppDelegate.swift */; };
		614464B920ACE5FC002C611B /* ViewController.swift in Sources */ = {isa = PBXBuildFile; fileRef = 614464B820ACE5FC002C611B /* ViewController.swift */; };
		614464BC20ACE5FC002C611B /* Main.storyboard in Resources */ = {isa = PBXBuildFile; fileRef = 614464BA20ACE5FC002C611B /* Main.storyboard */; };
		614464BE20ACE5FD002C611B /* Assets.xcassets in Resources */ = {isa = PBXBuildFile; fileRef = 614464BD20ACE5FD002C611B /* Assets.xcassets */; };
		614464C120ACE5FD002C611B /* LaunchScreen.storyboard in Resources */ = {isa = PBXBuildFile; fileRef = 614464BF20ACE5FD002C611B /* LaunchScreen.storyboard */; };
		614464CC20ACE5FD002C611B /* MeetingTests.swift in Sources */ = {isa = PBXBuildFile; fileRef = 614464CB20ACE5FD002C611B /* MeetingTests.swift */; };
		614464D720ACE5FD002C611B /* MeetingUITests.swift in Sources */ = {isa = PBXBuildFile; fileRef = 614464D620ACE5FD002C611B /* MeetingUITests.swift */; };
=======
		6144647D20AC9459002C611B /* AppDelegate.swift in Sources */ = {isa = PBXBuildFile; fileRef = 6144647C20AC9459002C611B /* AppDelegate.swift */; };
		6144647F20AC9459002C611B /* ViewController.swift in Sources */ = {isa = PBXBuildFile; fileRef = 6144647E20AC9459002C611B /* ViewController.swift */; };
		6144648220AC9459002C611B /* Main.storyboard in Resources */ = {isa = PBXBuildFile; fileRef = 6144648020AC9459002C611B /* Main.storyboard */; };
		6144648420AC945B002C611B /* Assets.xcassets in Resources */ = {isa = PBXBuildFile; fileRef = 6144648320AC945B002C611B /* Assets.xcassets */; };
		6144648720AC945B002C611B /* LaunchScreen.storyboard in Resources */ = {isa = PBXBuildFile; fileRef = 6144648520AC945B002C611B /* LaunchScreen.storyboard */; };
		6144649220AC945B002C611B /* AppTests.swift in Sources */ = {isa = PBXBuildFile; fileRef = 6144649120AC945B002C611B /* AppTests.swift */; };
		6144649D20AC945B002C611B /* AppUITests.swift in Sources */ = {isa = PBXBuildFile; fileRef = 6144649C20AC945B002C611B /* AppUITests.swift */; };
		74BADA7A20ACE3D7003C3F6D /* File.swift in Sources */ = {isa = PBXBuildFile; fileRef = 74BADA7920ACE3D7003C3F6D /* File.swift */; };
>>>>>>> 50188dbc350d01ec15c3181568dd1beda6f4d34a:App.xcodeproj/project.pbxproj
/* End PBXBuildFile section */

/* Begin PBXContainerItemProxy section */
		614464C820ACE5FD002C611B /* PBXContainerItemProxy */ = {
			isa = PBXContainerItemProxy;
			containerPortal = 614464AB20ACE5FC002C611B /* Project object */;
			proxyType = 1;
			remoteGlobalIDString = 614464B220ACE5FC002C611B;
			remoteInfo = Meeting;
		};
		614464D320ACE5FD002C611B /* PBXContainerItemProxy */ = {
			isa = PBXContainerItemProxy;
			containerPortal = 614464AB20ACE5FC002C611B /* Project object */;
			proxyType = 1;
			remoteGlobalIDString = 614464B220ACE5FC002C611B;
			remoteInfo = Meeting;
		};
/* End PBXContainerItemProxy section */

/* Begin PBXFileReference section */
<<<<<<< HEAD:Meeting/Meeting.xcodeproj/project.pbxproj
		614464B320ACE5FC002C611B /* Meeting.app */ = {isa = PBXFileReference; explicitFileType = wrapper.application; includeInIndex = 0; path = Meeting.app; sourceTree = BUILT_PRODUCTS_DIR; };
		614464B620ACE5FC002C611B /* AppDelegate.swift */ = {isa = PBXFileReference; lastKnownFileType = sourcecode.swift; path = AppDelegate.swift; sourceTree = "<group>"; };
		614464B820ACE5FC002C611B /* ViewController.swift */ = {isa = PBXFileReference; lastKnownFileType = sourcecode.swift; path = ViewController.swift; sourceTree = "<group>"; };
		614464BB20ACE5FC002C611B /* Base */ = {isa = PBXFileReference; lastKnownFileType = file.storyboard; name = Base; path = Base.lproj/Main.storyboard; sourceTree = "<group>"; };
		614464BD20ACE5FD002C611B /* Assets.xcassets */ = {isa = PBXFileReference; lastKnownFileType = folder.assetcatalog; path = Assets.xcassets; sourceTree = "<group>"; };
		614464C020ACE5FD002C611B /* Base */ = {isa = PBXFileReference; lastKnownFileType = file.storyboard; name = Base; path = Base.lproj/LaunchScreen.storyboard; sourceTree = "<group>"; };
		614464C220ACE5FD002C611B /* Info.plist */ = {isa = PBXFileReference; lastKnownFileType = text.plist.xml; path = Info.plist; sourceTree = "<group>"; };
		614464C720ACE5FD002C611B /* MeetingTests.xctest */ = {isa = PBXFileReference; explicitFileType = wrapper.cfbundle; includeInIndex = 0; path = MeetingTests.xctest; sourceTree = BUILT_PRODUCTS_DIR; };
		614464CB20ACE5FD002C611B /* MeetingTests.swift */ = {isa = PBXFileReference; lastKnownFileType = sourcecode.swift; path = MeetingTests.swift; sourceTree = "<group>"; };
		614464CD20ACE5FD002C611B /* Info.plist */ = {isa = PBXFileReference; lastKnownFileType = text.plist.xml; path = Info.plist; sourceTree = "<group>"; };
		614464D220ACE5FD002C611B /* MeetingUITests.xctest */ = {isa = PBXFileReference; explicitFileType = wrapper.cfbundle; includeInIndex = 0; path = MeetingUITests.xctest; sourceTree = BUILT_PRODUCTS_DIR; };
		614464D620ACE5FD002C611B /* MeetingUITests.swift */ = {isa = PBXFileReference; lastKnownFileType = sourcecode.swift; path = MeetingUITests.swift; sourceTree = "<group>"; };
		614464D820ACE5FD002C611B /* Info.plist */ = {isa = PBXFileReference; lastKnownFileType = text.plist.xml; path = Info.plist; sourceTree = "<group>"; };
=======
		6144647920AC9459002C611B /* App.app */ = {isa = PBXFileReference; explicitFileType = wrapper.application; includeInIndex = 0; path = App.app; sourceTree = BUILT_PRODUCTS_DIR; };
		6144647C20AC9459002C611B /* AppDelegate.swift */ = {isa = PBXFileReference; lastKnownFileType = sourcecode.swift; path = AppDelegate.swift; sourceTree = "<group>"; };
		6144647E20AC9459002C611B /* ViewController.swift */ = {isa = PBXFileReference; lastKnownFileType = sourcecode.swift; path = ViewController.swift; sourceTree = "<group>"; };
		6144648120AC9459002C611B /* Base */ = {isa = PBXFileReference; lastKnownFileType = file.storyboard; name = Base; path = Base.lproj/Main.storyboard; sourceTree = "<group>"; };
		6144648320AC945B002C611B /* Assets.xcassets */ = {isa = PBXFileReference; lastKnownFileType = folder.assetcatalog; path = Assets.xcassets; sourceTree = "<group>"; };
		6144648620AC945B002C611B /* Base */ = {isa = PBXFileReference; lastKnownFileType = file.storyboard; name = Base; path = Base.lproj/LaunchScreen.storyboard; sourceTree = "<group>"; };
		6144648820AC945B002C611B /* Info.plist */ = {isa = PBXFileReference; lastKnownFileType = text.plist.xml; path = Info.plist; sourceTree = "<group>"; };
		6144648D20AC945B002C611B /* AppTests.xctest */ = {isa = PBXFileReference; explicitFileType = wrapper.cfbundle; includeInIndex = 0; path = AppTests.xctest; sourceTree = BUILT_PRODUCTS_DIR; };
		6144649120AC945B002C611B /* AppTests.swift */ = {isa = PBXFileReference; lastKnownFileType = sourcecode.swift; path = AppTests.swift; sourceTree = "<group>"; };
		6144649320AC945B002C611B /* Info.plist */ = {isa = PBXFileReference; lastKnownFileType = text.plist.xml; path = Info.plist; sourceTree = "<group>"; };
		6144649820AC945B002C611B /* AppUITests.xctest */ = {isa = PBXFileReference; explicitFileType = wrapper.cfbundle; includeInIndex = 0; path = AppUITests.xctest; sourceTree = BUILT_PRODUCTS_DIR; };
		6144649C20AC945B002C611B /* AppUITests.swift */ = {isa = PBXFileReference; lastKnownFileType = sourcecode.swift; path = AppUITests.swift; sourceTree = "<group>"; };
		6144649E20AC945B002C611B /* Info.plist */ = {isa = PBXFileReference; lastKnownFileType = text.plist.xml; path = Info.plist; sourceTree = "<group>"; };
		74BADA7920ACE3D7003C3F6D /* File.swift */ = {isa = PBXFileReference; lastKnownFileType = sourcecode.swift; name = File.swift; path = Repo_Test/File.swift; sourceTree = SOURCE_ROOT; };
>>>>>>> 50188dbc350d01ec15c3181568dd1beda6f4d34a:App.xcodeproj/project.pbxproj
/* End PBXFileReference section */

/* Begin PBXFrameworksBuildPhase section */
		614464B020ACE5FC002C611B /* Frameworks */ = {
			isa = PBXFrameworksBuildPhase;
			buildActionMask = 2147483647;
			files = (
			);
			runOnlyForDeploymentPostprocessing = 0;
		};
		614464C420ACE5FD002C611B /* Frameworks */ = {
			isa = PBXFrameworksBuildPhase;
			buildActionMask = 2147483647;
			files = (
			);
			runOnlyForDeploymentPostprocessing = 0;
		};
		614464CF20ACE5FD002C611B /* Frameworks */ = {
			isa = PBXFrameworksBuildPhase;
			buildActionMask = 2147483647;
			files = (
			);
			runOnlyForDeploymentPostprocessing = 0;
		};
/* End PBXFrameworksBuildPhase section */

/* Begin PBXGroup section */
		614464AA20ACE5FC002C611B = {
			isa = PBXGroup;
			children = (
				614464B520ACE5FC002C611B /* Meeting */,
				614464CA20ACE5FD002C611B /* MeetingTests */,
				614464D520ACE5FD002C611B /* MeetingUITests */,
				614464B420ACE5FC002C611B /* Products */,
			);
			sourceTree = "<group>";
		};
		614464B420ACE5FC002C611B /* Products */ = {
			isa = PBXGroup;
			children = (
				614464B320ACE5FC002C611B /* Meeting.app */,
				614464C720ACE5FD002C611B /* MeetingTests.xctest */,
				614464D220ACE5FD002C611B /* MeetingUITests.xctest */,
			);
			name = Products;
			sourceTree = "<group>";
		};
		614464B520ACE5FC002C611B /* Meeting */ = {
			isa = PBXGroup;
			children = (
<<<<<<< HEAD:Meeting/Meeting.xcodeproj/project.pbxproj
				614464B620ACE5FC002C611B /* AppDelegate.swift */,
				614464B820ACE5FC002C611B /* ViewController.swift */,
				614464BA20ACE5FC002C611B /* Main.storyboard */,
				614464BD20ACE5FD002C611B /* Assets.xcassets */,
				614464BF20ACE5FD002C611B /* LaunchScreen.storyboard */,
				614464C220ACE5FD002C611B /* Info.plist */,
=======
				6144647C20AC9459002C611B /* AppDelegate.swift */,
				6144647E20AC9459002C611B /* ViewController.swift */,
				6144648020AC9459002C611B /* Main.storyboard */,
				74BADA7920ACE3D7003C3F6D /* File.swift */,
				6144648320AC945B002C611B /* Assets.xcassets */,
				6144648520AC945B002C611B /* LaunchScreen.storyboard */,
				6144648820AC945B002C611B /* Info.plist */,
>>>>>>> 50188dbc350d01ec15c3181568dd1beda6f4d34a:App.xcodeproj/project.pbxproj
			);
			path = Meeting;
			sourceTree = "<group>";
		};
		614464CA20ACE5FD002C611B /* MeetingTests */ = {
			isa = PBXGroup;
			children = (
				614464CB20ACE5FD002C611B /* MeetingTests.swift */,
				614464CD20ACE5FD002C611B /* Info.plist */,
			);
			path = MeetingTests;
			sourceTree = "<group>";
		};
		614464D520ACE5FD002C611B /* MeetingUITests */ = {
			isa = PBXGroup;
			children = (
				614464D620ACE5FD002C611B /* MeetingUITests.swift */,
				614464D820ACE5FD002C611B /* Info.plist */,
			);
			path = MeetingUITests;
			sourceTree = "<group>";
		};
/* End PBXGroup section */

/* Begin PBXNativeTarget section */
		614464B220ACE5FC002C611B /* Meeting */ = {
			isa = PBXNativeTarget;
			buildConfigurationList = 614464DB20ACE5FD002C611B /* Build configuration list for PBXNativeTarget "Meeting" */;
			buildPhases = (
				614464AF20ACE5FC002C611B /* Sources */,
				614464B020ACE5FC002C611B /* Frameworks */,
				614464B120ACE5FC002C611B /* Resources */,
			);
			buildRules = (
			);
			dependencies = (
			);
			name = Meeting;
			productName = Meeting;
			productReference = 614464B320ACE5FC002C611B /* Meeting.app */;
			productType = "com.apple.product-type.application";
		};
		614464C620ACE5FD002C611B /* MeetingTests */ = {
			isa = PBXNativeTarget;
			buildConfigurationList = 614464DE20ACE5FD002C611B /* Build configuration list for PBXNativeTarget "MeetingTests" */;
			buildPhases = (
				614464C320ACE5FD002C611B /* Sources */,
				614464C420ACE5FD002C611B /* Frameworks */,
				614464C520ACE5FD002C611B /* Resources */,
			);
			buildRules = (
			);
			dependencies = (
				614464C920ACE5FD002C611B /* PBXTargetDependency */,
			);
			name = MeetingTests;
			productName = MeetingTests;
			productReference = 614464C720ACE5FD002C611B /* MeetingTests.xctest */;
			productType = "com.apple.product-type.bundle.unit-test";
		};
		614464D120ACE5FD002C611B /* MeetingUITests */ = {
			isa = PBXNativeTarget;
			buildConfigurationList = 614464E120ACE5FD002C611B /* Build configuration list for PBXNativeTarget "MeetingUITests" */;
			buildPhases = (
				614464CE20ACE5FD002C611B /* Sources */,
				614464CF20ACE5FD002C611B /* Frameworks */,
				614464D020ACE5FD002C611B /* Resources */,
			);
			buildRules = (
			);
			dependencies = (
				614464D420ACE5FD002C611B /* PBXTargetDependency */,
			);
			name = MeetingUITests;
			productName = MeetingUITests;
			productReference = 614464D220ACE5FD002C611B /* MeetingUITests.xctest */;
			productType = "com.apple.product-type.bundle.ui-testing";
		};
/* End PBXNativeTarget section */

/* Begin PBXProject section */
		614464AB20ACE5FC002C611B /* Project object */ = {
			isa = PBXProject;
			attributes = {
				LastSwiftUpdateCheck = 0930;
				LastUpgradeCheck = 0930;
				ORGANIZATIONNAME = "Ben Kaplan";
				TargetAttributes = {
					614464B220ACE5FC002C611B = {
						CreatedOnToolsVersion = 9.3.1;
					};
					614464C620ACE5FD002C611B = {
						CreatedOnToolsVersion = 9.3.1;
						TestTargetID = 614464B220ACE5FC002C611B;
					};
					614464D120ACE5FD002C611B = {
						CreatedOnToolsVersion = 9.3.1;
						TestTargetID = 614464B220ACE5FC002C611B;
					};
				};
			};
			buildConfigurationList = 614464AE20ACE5FC002C611B /* Build configuration list for PBXProject "Meeting" */;
			compatibilityVersion = "Xcode 9.3";
			developmentRegion = en;
			hasScannedForEncodings = 0;
			knownRegions = (
				en,
				Base,
			);
			mainGroup = 614464AA20ACE5FC002C611B;
			productRefGroup = 614464B420ACE5FC002C611B /* Products */;
			projectDirPath = "";
			projectRoot = "";
			targets = (
				614464B220ACE5FC002C611B /* Meeting */,
				614464C620ACE5FD002C611B /* MeetingTests */,
				614464D120ACE5FD002C611B /* MeetingUITests */,
			);
		};
/* End PBXProject section */

/* Begin PBXResourcesBuildPhase section */
		614464B120ACE5FC002C611B /* Resources */ = {
			isa = PBXResourcesBuildPhase;
			buildActionMask = 2147483647;
			files = (
				614464C120ACE5FD002C611B /* LaunchScreen.storyboard in Resources */,
				614464BE20ACE5FD002C611B /* Assets.xcassets in Resources */,
				614464BC20ACE5FC002C611B /* Main.storyboard in Resources */,
			);
			runOnlyForDeploymentPostprocessing = 0;
		};
		614464C520ACE5FD002C611B /* Resources */ = {
			isa = PBXResourcesBuildPhase;
			buildActionMask = 2147483647;
			files = (
			);
			runOnlyForDeploymentPostprocessing = 0;
		};
		614464D020ACE5FD002C611B /* Resources */ = {
			isa = PBXResourcesBuildPhase;
			buildActionMask = 2147483647;
			files = (
			);
			runOnlyForDeploymentPostprocessing = 0;
		};
/* End PBXResourcesBuildPhase section */

/* Begin PBXSourcesBuildPhase section */
		614464AF20ACE5FC002C611B /* Sources */ = {
			isa = PBXSourcesBuildPhase;
			buildActionMask = 2147483647;
			files = (
<<<<<<< HEAD:Meeting/Meeting.xcodeproj/project.pbxproj
				614464B920ACE5FC002C611B /* ViewController.swift in Sources */,
				614464B720ACE5FC002C611B /* AppDelegate.swift in Sources */,
=======
				6144647F20AC9459002C611B /* ViewController.swift in Sources */,
				74BADA7A20ACE3D7003C3F6D /* File.swift in Sources */,
				6144647D20AC9459002C611B /* AppDelegate.swift in Sources */,
>>>>>>> 50188dbc350d01ec15c3181568dd1beda6f4d34a:App.xcodeproj/project.pbxproj
			);
			runOnlyForDeploymentPostprocessing = 0;
		};
		614464C320ACE5FD002C611B /* Sources */ = {
			isa = PBXSourcesBuildPhase;
			buildActionMask = 2147483647;
			files = (
				614464CC20ACE5FD002C611B /* MeetingTests.swift in Sources */,
			);
			runOnlyForDeploymentPostprocessing = 0;
		};
		614464CE20ACE5FD002C611B /* Sources */ = {
			isa = PBXSourcesBuildPhase;
			buildActionMask = 2147483647;
			files = (
				614464D720ACE5FD002C611B /* MeetingUITests.swift in Sources */,
			);
			runOnlyForDeploymentPostprocessing = 0;
		};
/* End PBXSourcesBuildPhase section */

/* Begin PBXTargetDependency section */
		614464C920ACE5FD002C611B /* PBXTargetDependency */ = {
			isa = PBXTargetDependency;
			target = 614464B220ACE5FC002C611B /* Meeting */;
			targetProxy = 614464C820ACE5FD002C611B /* PBXContainerItemProxy */;
		};
		614464D420ACE5FD002C611B /* PBXTargetDependency */ = {
			isa = PBXTargetDependency;
			target = 614464B220ACE5FC002C611B /* Meeting */;
			targetProxy = 614464D320ACE5FD002C611B /* PBXContainerItemProxy */;
		};
/* End PBXTargetDependency section */

/* Begin PBXVariantGroup section */
		614464BA20ACE5FC002C611B /* Main.storyboard */ = {
			isa = PBXVariantGroup;
			children = (
				614464BB20ACE5FC002C611B /* Base */,
			);
			name = Main.storyboard;
			sourceTree = "<group>";
		};
		614464BF20ACE5FD002C611B /* LaunchScreen.storyboard */ = {
			isa = PBXVariantGroup;
			children = (
				614464C020ACE5FD002C611B /* Base */,
			);
			name = LaunchScreen.storyboard;
			sourceTree = "<group>";
		};
/* End PBXVariantGroup section */

/* Begin XCBuildConfiguration section */
		614464D920ACE5FD002C611B /* Debug */ = {
			isa = XCBuildConfiguration;
			buildSettings = {
				ALWAYS_SEARCH_USER_PATHS = NO;
				CLANG_ANALYZER_NONNULL = YES;
				CLANG_ANALYZER_NUMBER_OBJECT_CONVERSION = YES_AGGRESSIVE;
				CLANG_CXX_LANGUAGE_STANDARD = "gnu++14";
				CLANG_CXX_LIBRARY = "libc++";
				CLANG_ENABLE_MODULES = YES;
				CLANG_ENABLE_OBJC_ARC = YES;
				CLANG_ENABLE_OBJC_WEAK = YES;
				CLANG_WARN_BLOCK_CAPTURE_AUTORELEASING = YES;
				CLANG_WARN_BOOL_CONVERSION = YES;
				CLANG_WARN_COMMA = YES;
				CLANG_WARN_CONSTANT_CONVERSION = YES;
				CLANG_WARN_DEPRECATED_OBJC_IMPLEMENTATIONS = YES;
				CLANG_WARN_DIRECT_OBJC_ISA_USAGE = YES_ERROR;
				CLANG_WARN_DOCUMENTATION_COMMENTS = YES;
				CLANG_WARN_EMPTY_BODY = YES;
				CLANG_WARN_ENUM_CONVERSION = YES;
				CLANG_WARN_INFINITE_RECURSION = YES;
				CLANG_WARN_INT_CONVERSION = YES;
				CLANG_WARN_NON_LITERAL_NULL_CONVERSION = YES;
				CLANG_WARN_OBJC_IMPLICIT_RETAIN_SELF = YES;
				CLANG_WARN_OBJC_LITERAL_CONVERSION = YES;
				CLANG_WARN_OBJC_ROOT_CLASS = YES_ERROR;
				CLANG_WARN_RANGE_LOOP_ANALYSIS = YES;
				CLANG_WARN_STRICT_PROTOTYPES = YES;
				CLANG_WARN_SUSPICIOUS_MOVE = YES;
				CLANG_WARN_UNGUARDED_AVAILABILITY = YES_AGGRESSIVE;
				CLANG_WARN_UNREACHABLE_CODE = YES;
				CLANG_WARN__DUPLICATE_METHOD_MATCH = YES;
				CODE_SIGN_IDENTITY = "iPhone Developer";
				COPY_PHASE_STRIP = NO;
				DEBUG_INFORMATION_FORMAT = dwarf;
				ENABLE_STRICT_OBJC_MSGSEND = YES;
				ENABLE_TESTABILITY = YES;
				GCC_C_LANGUAGE_STANDARD = gnu11;
				GCC_DYNAMIC_NO_PIC = NO;
				GCC_NO_COMMON_BLOCKS = YES;
				GCC_OPTIMIZATION_LEVEL = 0;
				GCC_PREPROCESSOR_DEFINITIONS = (
					"DEBUG=1",
					"$(inherited)",
				);
				GCC_WARN_64_TO_32_BIT_CONVERSION = YES;
				GCC_WARN_ABOUT_RETURN_TYPE = YES_ERROR;
				GCC_WARN_UNDECLARED_SELECTOR = YES;
				GCC_WARN_UNINITIALIZED_AUTOS = YES_AGGRESSIVE;
				GCC_WARN_UNUSED_FUNCTION = YES;
				GCC_WARN_UNUSED_VARIABLE = YES;
				IPHONEOS_DEPLOYMENT_TARGET = 11.3;
				MTL_ENABLE_DEBUG_INFO = YES;
				ONLY_ACTIVE_ARCH = YES;
				SDKROOT = iphoneos;
				SWIFT_ACTIVE_COMPILATION_CONDITIONS = DEBUG;
				SWIFT_OPTIMIZATION_LEVEL = "-Onone";
			};
			name = Debug;
		};
		614464DA20ACE5FD002C611B /* Release */ = {
			isa = XCBuildConfiguration;
			buildSettings = {
				ALWAYS_SEARCH_USER_PATHS = NO;
				CLANG_ANALYZER_NONNULL = YES;
				CLANG_ANALYZER_NUMBER_OBJECT_CONVERSION = YES_AGGRESSIVE;
				CLANG_CXX_LANGUAGE_STANDARD = "gnu++14";
				CLANG_CXX_LIBRARY = "libc++";
				CLANG_ENABLE_MODULES = YES;
				CLANG_ENABLE_OBJC_ARC = YES;
				CLANG_ENABLE_OBJC_WEAK = YES;
				CLANG_WARN_BLOCK_CAPTURE_AUTORELEASING = YES;
				CLANG_WARN_BOOL_CONVERSION = YES;
				CLANG_WARN_COMMA = YES;
				CLANG_WARN_CONSTANT_CONVERSION = YES;
				CLANG_WARN_DEPRECATED_OBJC_IMPLEMENTATIONS = YES;
				CLANG_WARN_DIRECT_OBJC_ISA_USAGE = YES_ERROR;
				CLANG_WARN_DOCUMENTATION_COMMENTS = YES;
				CLANG_WARN_EMPTY_BODY = YES;
				CLANG_WARN_ENUM_CONVERSION = YES;
				CLANG_WARN_INFINITE_RECURSION = YES;
				CLANG_WARN_INT_CONVERSION = YES;
				CLANG_WARN_NON_LITERAL_NULL_CONVERSION = YES;
				CLANG_WARN_OBJC_IMPLICIT_RETAIN_SELF = YES;
				CLANG_WARN_OBJC_LITERAL_CONVERSION = YES;
				CLANG_WARN_OBJC_ROOT_CLASS = YES_ERROR;
				CLANG_WARN_RANGE_LOOP_ANALYSIS = YES;
				CLANG_WARN_STRICT_PROTOTYPES = YES;
				CLANG_WARN_SUSPICIOUS_MOVE = YES;
				CLANG_WARN_UNGUARDED_AVAILABILITY = YES_AGGRESSIVE;
				CLANG_WARN_UNREACHABLE_CODE = YES;
				CLANG_WARN__DUPLICATE_METHOD_MATCH = YES;
				CODE_SIGN_IDENTITY = "iPhone Developer";
				COPY_PHASE_STRIP = NO;
				DEBUG_INFORMATION_FORMAT = "dwarf-with-dsym";
				ENABLE_NS_ASSERTIONS = NO;
				ENABLE_STRICT_OBJC_MSGSEND = YES;
				GCC_C_LANGUAGE_STANDARD = gnu11;
				GCC_NO_COMMON_BLOCKS = YES;
				GCC_WARN_64_TO_32_BIT_CONVERSION = YES;
				GCC_WARN_ABOUT_RETURN_TYPE = YES_ERROR;
				GCC_WARN_UNDECLARED_SELECTOR = YES;
				GCC_WARN_UNINITIALIZED_AUTOS = YES_AGGRESSIVE;
				GCC_WARN_UNUSED_FUNCTION = YES;
				GCC_WARN_UNUSED_VARIABLE = YES;
				IPHONEOS_DEPLOYMENT_TARGET = 11.3;
				MTL_ENABLE_DEBUG_INFO = NO;
				SDKROOT = iphoneos;
				SWIFT_COMPILATION_MODE = wholemodule;
				SWIFT_OPTIMIZATION_LEVEL = "-O";
				VALIDATE_PRODUCT = YES;
			};
			name = Release;
		};
		614464DC20ACE5FD002C611B /* Debug */ = {
			isa = XCBuildConfiguration;
			buildSettings = {
				ASSETCATALOG_COMPILER_APPICON_NAME = AppIcon;
				CODE_SIGN_STYLE = Automatic;
				INFOPLIST_FILE = Meeting/Info.plist;
				LD_RUNPATH_SEARCH_PATHS = (
					"$(inherited)",
					"@executable_path/Frameworks",
				);
				PRODUCT_BUNDLE_IDENTIFIER = a.Meeting;
				PRODUCT_NAME = "$(TARGET_NAME)";
				SWIFT_VERSION = 4.0;
				TARGETED_DEVICE_FAMILY = "1,2";
			};
			name = Debug;
		};
		614464DD20ACE5FD002C611B /* Release */ = {
			isa = XCBuildConfiguration;
			buildSettings = {
				ASSETCATALOG_COMPILER_APPICON_NAME = AppIcon;
				CODE_SIGN_STYLE = Automatic;
				INFOPLIST_FILE = Meeting/Info.plist;
				LD_RUNPATH_SEARCH_PATHS = (
					"$(inherited)",
					"@executable_path/Frameworks",
				);
				PRODUCT_BUNDLE_IDENTIFIER = a.Meeting;
				PRODUCT_NAME = "$(TARGET_NAME)";
				SWIFT_VERSION = 4.0;
				TARGETED_DEVICE_FAMILY = "1,2";
			};
			name = Release;
		};
		614464DF20ACE5FD002C611B /* Debug */ = {
			isa = XCBuildConfiguration;
			buildSettings = {
				ALWAYS_EMBED_SWIFT_STANDARD_LIBRARIES = YES;
				BUNDLE_LOADER = "$(TEST_HOST)";
				CODE_SIGN_STYLE = Automatic;
				INFOPLIST_FILE = MeetingTests/Info.plist;
				LD_RUNPATH_SEARCH_PATHS = (
					"$(inherited)",
					"@executable_path/Frameworks",
					"@loader_path/Frameworks",
				);
				PRODUCT_BUNDLE_IDENTIFIER = a.MeetingTests;
				PRODUCT_NAME = "$(TARGET_NAME)";
				SWIFT_VERSION = 4.0;
				TARGETED_DEVICE_FAMILY = "1,2";
				TEST_HOST = "$(BUILT_PRODUCTS_DIR)/Meeting.app/Meeting";
			};
			name = Debug;
		};
		614464E020ACE5FD002C611B /* Release */ = {
			isa = XCBuildConfiguration;
			buildSettings = {
				ALWAYS_EMBED_SWIFT_STANDARD_LIBRARIES = YES;
				BUNDLE_LOADER = "$(TEST_HOST)";
				CODE_SIGN_STYLE = Automatic;
				INFOPLIST_FILE = MeetingTests/Info.plist;
				LD_RUNPATH_SEARCH_PATHS = (
					"$(inherited)",
					"@executable_path/Frameworks",
					"@loader_path/Frameworks",
				);
				PRODUCT_BUNDLE_IDENTIFIER = a.MeetingTests;
				PRODUCT_NAME = "$(TARGET_NAME)";
				SWIFT_VERSION = 4.0;
				TARGETED_DEVICE_FAMILY = "1,2";
				TEST_HOST = "$(BUILT_PRODUCTS_DIR)/Meeting.app/Meeting";
			};
			name = Release;
		};
		614464E220ACE5FD002C611B /* Debug */ = {
			isa = XCBuildConfiguration;
			buildSettings = {
				ALWAYS_EMBED_SWIFT_STANDARD_LIBRARIES = YES;
				CODE_SIGN_STYLE = Automatic;
				INFOPLIST_FILE = MeetingUITests/Info.plist;
				LD_RUNPATH_SEARCH_PATHS = (
					"$(inherited)",
					"@executable_path/Frameworks",
					"@loader_path/Frameworks",
				);
				PRODUCT_BUNDLE_IDENTIFIER = a.MeetingUITests;
				PRODUCT_NAME = "$(TARGET_NAME)";
				SWIFT_VERSION = 4.0;
				TARGETED_DEVICE_FAMILY = "1,2";
				TEST_TARGET_NAME = Meeting;
			};
			name = Debug;
		};
		614464E320ACE5FD002C611B /* Release */ = {
			isa = XCBuildConfiguration;
			buildSettings = {
				ALWAYS_EMBED_SWIFT_STANDARD_LIBRARIES = YES;
				CODE_SIGN_STYLE = Automatic;
				INFOPLIST_FILE = MeetingUITests/Info.plist;
				LD_RUNPATH_SEARCH_PATHS = (
					"$(inherited)",
					"@executable_path/Frameworks",
					"@loader_path/Frameworks",
				);
				PRODUCT_BUNDLE_IDENTIFIER = a.MeetingUITests;
				PRODUCT_NAME = "$(TARGET_NAME)";
				SWIFT_VERSION = 4.0;
				TARGETED_DEVICE_FAMILY = "1,2";
				TEST_TARGET_NAME = Meeting;
			};
			name = Release;
		};
/* End XCBuildConfiguration section */

/* Begin XCConfigurationList section */
		614464AE20ACE5FC002C611B /* Build configuration list for PBXProject "Meeting" */ = {
			isa = XCConfigurationList;
			buildConfigurations = (
				614464D920ACE5FD002C611B /* Debug */,
				614464DA20ACE5FD002C611B /* Release */,
			);
			defaultConfigurationIsVisible = 0;
			defaultConfigurationName = Release;
		};
		614464DB20ACE5FD002C611B /* Build configuration list for PBXNativeTarget "Meeting" */ = {
			isa = XCConfigurationList;
			buildConfigurations = (
				614464DC20ACE5FD002C611B /* Debug */,
				614464DD20ACE5FD002C611B /* Release */,
			);
			defaultConfigurationIsVisible = 0;
			defaultConfigurationName = Release;
		};
		614464DE20ACE5FD002C611B /* Build configuration list for PBXNativeTarget "MeetingTests" */ = {
			isa = XCConfigurationList;
			buildConfigurations = (
				614464DF20ACE5FD002C611B /* Debug */,
				614464E020ACE5FD002C611B /* Release */,
			);
			defaultConfigurationIsVisible = 0;
			defaultConfigurationName = Release;
		};
		614464E120ACE5FD002C611B /* Build configuration list for PBXNativeTarget "MeetingUITests" */ = {
			isa = XCConfigurationList;
			buildConfigurations = (
				614464E220ACE5FD002C611B /* Debug */,
				614464E320ACE5FD002C611B /* Release */,
			);
			defaultConfigurationIsVisible = 0;
			defaultConfigurationName = Release;
		};
/* End XCConfigurationList section */
	};
	rootObject = 614464AB20ACE5FC002C611B /* Project object */;
}
