// !$*UTF8*$!
{
	archiveVersion = 1;
	classes = {
	};
	objectVersion = 50;
	objects = {

/* Begin PBXBuildFile section */
		74BADA8820ACE44E003C3F6D /* AppDelegate.swift in Sources */ = {isa = PBXBuildFile; fileRef = 74BADA8720ACE44E003C3F6D /* AppDelegate.swift */; };
		74BADA8A20ACE44E003C3F6D /* ViewController.swift in Sources */ = {isa = PBXBuildFile; fileRef = 74BADA8920ACE44E003C3F6D /* ViewController.swift */; };
		74BADA8D20ACE44E003C3F6D /* Main.storyboard in Resources */ = {isa = PBXBuildFile; fileRef = 74BADA8B20ACE44E003C3F6D /* Main.storyboard */; };
		74BADA8F20ACE455003C3F6D /* Assets.xcassets in Resources */ = {isa = PBXBuildFile; fileRef = 74BADA8E20ACE455003C3F6D /* Assets.xcassets */; };
		74BADA9220ACE455003C3F6D /* LaunchScreen.storyboard in Resources */ = {isa = PBXBuildFile; fileRef = 74BADA9020ACE455003C3F6D /* LaunchScreen.storyboard */; };
		74BADA9D20ACE455003C3F6D /* Repo_TestTests.swift in Sources */ = {isa = PBXBuildFile; fileRef = 74BADA9C20ACE455003C3F6D /* Repo_TestTests.swift */; };
		74BADAA820ACE455003C3F6D /* Repo_TestUITests.swift in Sources */ = {isa = PBXBuildFile; fileRef = 74BADAA720ACE455003C3F6D /* Repo_TestUITests.swift */; };
/* End PBXBuildFile section */

/* Begin PBXContainerItemProxy section */
		74BADA9920ACE455003C3F6D /* PBXContainerItemProxy */ = {
			isa = PBXContainerItemProxy;
			containerPortal = 74BADA7C20ACE44E003C3F6D /* Project object */;
			proxyType = 1;
			remoteGlobalIDString = 74BADA8320ACE44E003C3F6D;
			remoteInfo = Repo_Test;
		};
		74BADAA420ACE455003C3F6D /* PBXContainerItemProxy */ = {
			isa = PBXContainerItemProxy;
			containerPortal = 74BADA7C20ACE44E003C3F6D /* Project object */;
			proxyType = 1;
			remoteGlobalIDString = 74BADA8320ACE44E003C3F6D;
			remoteInfo = Repo_Test;
		};
/* End PBXContainerItemProxy section */

/* Begin PBXFileReference section */
		74BADA8420ACE44E003C3F6D /* Repo_Test.app */ = {isa = PBXFileReference; explicitFileType = wrapper.application; includeInIndex = 0; path = Repo_Test.app; sourceTree = BUILT_PRODUCTS_DIR; };
		74BADA8720ACE44E003C3F6D /* AppDelegate.swift */ = {isa = PBXFileReference; lastKnownFileType = sourcecode.swift; path = AppDelegate.swift; sourceTree = "<group>"; };
		74BADA8920ACE44E003C3F6D /* ViewController.swift */ = {isa = PBXFileReference; lastKnownFileType = sourcecode.swift; path = ViewController.swift; sourceTree = "<group>"; };
		74BADA8C20ACE44E003C3F6D /* Base */ = {isa = PBXFileReference; lastKnownFileType = file.storyboard; name = Base; path = Base.lproj/Main.storyboard; sourceTree = "<group>"; };
		74BADA8E20ACE455003C3F6D /* Assets.xcassets */ = {isa = PBXFileReference; lastKnownFileType = folder.assetcatalog; path = Assets.xcassets; sourceTree = "<group>"; };
		74BADA9120ACE455003C3F6D /* Base */ = {isa = PBXFileReference; lastKnownFileType = file.storyboard; name = Base; path = Base.lproj/LaunchScreen.storyboard; sourceTree = "<group>"; };
		74BADA9320ACE455003C3F6D /* Info.plist */ = {isa = PBXFileReference; lastKnownFileType = text.plist.xml; path = Info.plist; sourceTree = "<group>"; };
		74BADA9820ACE455003C3F6D /* Repo_TestTests.xctest */ = {isa = PBXFileReference; explicitFileType = wrapper.cfbundle; includeInIndex = 0; path = Repo_TestTests.xctest; sourceTree = BUILT_PRODUCTS_DIR; };
		74BADA9C20ACE455003C3F6D /* Repo_TestTests.swift */ = {isa = PBXFileReference; lastKnownFileType = sourcecode.swift; path = Repo_TestTests.swift; sourceTree = "<group>"; };
		74BADA9E20ACE455003C3F6D /* Info.plist */ = {isa = PBXFileReference; lastKnownFileType = text.plist.xml; path = Info.plist; sourceTree = "<group>"; };
		74BADAA320ACE455003C3F6D /* Repo_TestUITests.xctest */ = {isa = PBXFileReference; explicitFileType = wrapper.cfbundle; includeInIndex = 0; path = Repo_TestUITests.xctest; sourceTree = BUILT_PRODUCTS_DIR; };
		74BADAA720ACE455003C3F6D /* Repo_TestUITests.swift */ = {isa = PBXFileReference; lastKnownFileType = sourcecode.swift; path = Repo_TestUITests.swift; sourceTree = "<group>"; };
		74BADAA920ACE455003C3F6D /* Info.plist */ = {isa = PBXFileReference; lastKnownFileType = text.plist.xml; path = Info.plist; sourceTree = "<group>"; };
/* End PBXFileReference section */

/* Begin PBXFrameworksBuildPhase section */
		74BADA8120ACE44E003C3F6D /* Frameworks */ = {
			isa = PBXFrameworksBuildPhase;
			buildActionMask = 2147483647;
			files = (
			);
			runOnlyForDeploymentPostprocessing = 0;
		};
		74BADA9520ACE455003C3F6D /* Frameworks */ = {
			isa = PBXFrameworksBuildPhase;
			buildActionMask = 2147483647;
			files = (
			);
			runOnlyForDeploymentPostprocessing = 0;
		};
		74BADAA020ACE455003C3F6D /* Frameworks */ = {
			isa = PBXFrameworksBuildPhase;
			buildActionMask = 2147483647;
			files = (
			);
			runOnlyForDeploymentPostprocessing = 0;
		};
/* End PBXFrameworksBuildPhase section */

/* Begin PBXGroup section */
		74BADA7B20ACE44E003C3F6D = {
			isa = PBXGroup;
			children = (
				74BADA8620ACE44E003C3F6D /* Repo_Test */,
				74BADA9B20ACE455003C3F6D /* Repo_TestTests */,
				74BADAA620ACE455003C3F6D /* Repo_TestUITests */,
				74BADA8520ACE44E003C3F6D /* Products */,
			);
			sourceTree = "<group>";
		};
		74BADA8520ACE44E003C3F6D /* Products */ = {
			isa = PBXGroup;
			children = (
				74BADA8420ACE44E003C3F6D /* Repo_Test.app */,
				74BADA9820ACE455003C3F6D /* Repo_TestTests.xctest */,
				74BADAA320ACE455003C3F6D /* Repo_TestUITests.xctest */,
			);
			name = Products;
			sourceTree = "<group>";
		};
		74BADA8620ACE44E003C3F6D /* Repo_Test */ = {
			isa = PBXGroup;
			children = (
				74BADA8720ACE44E003C3F6D /* AppDelegate.swift */,
				74BADA8920ACE44E003C3F6D /* ViewController.swift */,
				74BADA8B20ACE44E003C3F6D /* Main.storyboard */,
				74BADA8E20ACE455003C3F6D /* Assets.xcassets */,
				74BADA9020ACE455003C3F6D /* LaunchScreen.storyboard */,
				74BADA9320ACE455003C3F6D /* Info.plist */,
			);
			path = Repo_Test;
			sourceTree = "<group>";
		};
		74BADA9B20ACE455003C3F6D /* Repo_TestTests */ = {
			isa = PBXGroup;
			children = (
				74BADA9C20ACE455003C3F6D /* Repo_TestTests.swift */,
				74BADA9E20ACE455003C3F6D /* Info.plist */,
			);
			path = Repo_TestTests;
			sourceTree = "<group>";
		};
		74BADAA620ACE455003C3F6D /* Repo_TestUITests */ = {
			isa = PBXGroup;
			children = (
				74BADAA720ACE455003C3F6D /* Repo_TestUITests.swift */,
				74BADAA920ACE455003C3F6D /* Info.plist */,
			);
			path = Repo_TestUITests;
			sourceTree = "<group>";
		};
/* End PBXGroup section */

/* Begin PBXNativeTarget section */
		74BADA8320ACE44E003C3F6D /* Repo_Test */ = {
			isa = PBXNativeTarget;
			buildConfigurationList = 74BADAAC20ACE455003C3F6D /* Build configuration list for PBXNativeTarget "Repo_Test" */;
			buildPhases = (
				74BADA8020ACE44E003C3F6D /* Sources */,
				74BADA8120ACE44E003C3F6D /* Frameworks */,
				74BADA8220ACE44E003C3F6D /* Resources */,
			);
			buildRules = (
			);
			dependencies = (
			);
			name = Repo_Test;
			productName = Repo_Test;
			productReference = 74BADA8420ACE44E003C3F6D /* Repo_Test.app */;
			productType = "com.apple.product-type.application";
		};
		74BADA9720ACE455003C3F6D /* Repo_TestTests */ = {
			isa = PBXNativeTarget;
			buildConfigurationList = 74BADAAF20ACE455003C3F6D /* Build configuration list for PBXNativeTarget "Repo_TestTests" */;
			buildPhases = (
				74BADA9420ACE455003C3F6D /* Sources */,
				74BADA9520ACE455003C3F6D /* Frameworks */,
				74BADA9620ACE455003C3F6D /* Resources */,
			);
			buildRules = (
			);
			dependencies = (
				74BADA9A20ACE455003C3F6D /* PBXTargetDependency */,
			);
			name = Repo_TestTests;
			productName = Repo_TestTests;
			productReference = 74BADA9820ACE455003C3F6D /* Repo_TestTests.xctest */;
			productType = "com.apple.product-type.bundle.unit-test";
		};
		74BADAA220ACE455003C3F6D /* Repo_TestUITests */ = {
			isa = PBXNativeTarget;
			buildConfigurationList = 74BADAB220ACE455003C3F6D /* Build configuration list for PBXNativeTarget "Repo_TestUITests" */;
			buildPhases = (
				74BADA9F20ACE455003C3F6D /* Sources */,
				74BADAA020ACE455003C3F6D /* Frameworks */,
				74BADAA120ACE455003C3F6D /* Resources */,
			);
			buildRules = (
			);
			dependencies = (
				74BADAA520ACE455003C3F6D /* PBXTargetDependency */,
			);
			name = Repo_TestUITests;
			productName = Repo_TestUITests;
			productReference = 74BADAA320ACE455003C3F6D /* Repo_TestUITests.xctest */;
			productType = "com.apple.product-type.bundle.ui-testing";
		};
/* End PBXNativeTarget section */

/* Begin PBXProject section */
		74BADA7C20ACE44E003C3F6D /* Project object */ = {
			isa = PBXProject;
			attributes = {
				LastSwiftUpdateCheck = 0930;
				LastUpgradeCheck = 0930;
				ORGANIZATIONNAME = "Jared Feingold";
				TargetAttributes = {
					74BADA8320ACE44E003C3F6D = {
						CreatedOnToolsVersion = 9.3.1;
					};
					74BADA9720ACE455003C3F6D = {
						CreatedOnToolsVersion = 9.3.1;
						TestTargetID = 74BADA8320ACE44E003C3F6D;
					};
					74BADAA220ACE455003C3F6D = {
						CreatedOnToolsVersion = 9.3.1;
						TestTargetID = 74BADA8320ACE44E003C3F6D;
					};
				};
			};
			buildConfigurationList = 74BADA7F20ACE44E003C3F6D /* Build configuration list for PBXProject "Repo_Test" */;
			compatibilityVersion = "Xcode 9.3";
			developmentRegion = en;
			hasScannedForEncodings = 0;
			knownRegions = (
				en,
				Base,
			);
			mainGroup = 74BADA7B20ACE44E003C3F6D;
			productRefGroup = 74BADA8520ACE44E003C3F6D /* Products */;
			projectDirPath = "";
			projectRoot = "";
			targets = (
				74BADA8320ACE44E003C3F6D /* Repo_Test */,
				74BADA9720ACE455003C3F6D /* Repo_TestTests */,
				74BADAA220ACE455003C3F6D /* Repo_TestUITests */,
			);
		};
/* End PBXProject section */

/* Begin PBXResourcesBuildPhase section */
		74BADA8220ACE44E003C3F6D /* Resources */ = {
			isa = PBXResourcesBuildPhase;
			buildActionMask = 2147483647;
			files = (
				74BADA9220ACE455003C3F6D /* LaunchScreen.storyboard in Resources */,
				74BADA8F20ACE455003C3F6D /* Assets.xcassets in Resources */,
				74BADA8D20ACE44E003C3F6D /* Main.storyboard in Resources */,
			);
			runOnlyForDeploymentPostprocessing = 0;
		};
		74BADA9620ACE455003C3F6D /* Resources */ = {
			isa = PBXResourcesBuildPhase;
			buildActionMask = 2147483647;
			files = (
			);
			runOnlyForDeploymentPostprocessing = 0;
		};
		74BADAA120ACE455003C3F6D /* Resources */ = {
			isa = PBXResourcesBuildPhase;
			buildActionMask = 2147483647;
			files = (
			);
			runOnlyForDeploymentPostprocessing = 0;
		};
/* End PBXResourcesBuildPhase section */

/* Begin PBXSourcesBuildPhase section */
		74BADA8020ACE44E003C3F6D /* Sources */ = {
			isa = PBXSourcesBuildPhase;
			buildActionMask = 2147483647;
			files = (
				74BADA8A20ACE44E003C3F6D /* ViewController.swift in Sources */,
				74BADA8820ACE44E003C3F6D /* AppDelegate.swift in Sources */,
			);
			runOnlyForDeploymentPostprocessing = 0;
		};
		74BADA9420ACE455003C3F6D /* Sources */ = {
			isa = PBXSourcesBuildPhase;
			buildActionMask = 2147483647;
			files = (
				74BADA9D20ACE455003C3F6D /* Repo_TestTests.swift in Sources */,
			);
			runOnlyForDeploymentPostprocessing = 0;
		};
		74BADA9F20ACE455003C3F6D /* Sources */ = {
			isa = PBXSourcesBuildPhase;
			buildActionMask = 2147483647;
			files = (
				74BADAA820ACE455003C3F6D /* Repo_TestUITests.swift in Sources */,
			);
			runOnlyForDeploymentPostprocessing = 0;
		};
/* End PBXSourcesBuildPhase section */

/* Begin PBXTargetDependency section */
		74BADA9A20ACE455003C3F6D /* PBXTargetDependency */ = {
			isa = PBXTargetDependency;
			target = 74BADA8320ACE44E003C3F6D /* Repo_Test */;
			targetProxy = 74BADA9920ACE455003C3F6D /* PBXContainerItemProxy */;
		};
		74BADAA520ACE455003C3F6D /* PBXTargetDependency */ = {
			isa = PBXTargetDependency;
			target = 74BADA8320ACE44E003C3F6D /* Repo_Test */;
			targetProxy = 74BADAA420ACE455003C3F6D /* PBXContainerItemProxy */;
		};
/* End PBXTargetDependency section */

/* Begin PBXVariantGroup section */
		74BADA8B20ACE44E003C3F6D /* Main.storyboard */ = {
			isa = PBXVariantGroup;
			children = (
				74BADA8C20ACE44E003C3F6D /* Base */,
			);
			name = Main.storyboard;
			sourceTree = "<group>";
		};
		74BADA9020ACE455003C3F6D /* LaunchScreen.storyboard */ = {
			isa = PBXVariantGroup;
			children = (
				74BADA9120ACE455003C3F6D /* Base */,
			);
			name = LaunchScreen.storyboard;
			sourceTree = "<group>";
		};
/* End PBXVariantGroup section */

/* Begin XCBuildConfiguration section */
		74BADAAA20ACE455003C3F6D /* Debug */ = {
			isa = XCBuildConfiguration;
			buildSettings = {
				ALWAYS_SEARCH_USER_PATHS = NO;
				CLANG_ANALYZER_NONNULL = YES;
				CLANG_ANALYZER_NUMBER_OBJECT_CONVERSION = YES_AGGRESSIVE;
				CLANG_CXX_LANGUAGE_STANDARD = "gnu++14";
				CLANG_CXX_LIBRARY = "libc++";
				CLANG_ENABLE_MODULES = YES;
				CLANG_ENABLE_OBJC_ARC = YES;
				CLANG_ENABLE_OBJC_WEAK = YES;
				CLANG_WARN_BLOCK_CAPTURE_AUTORELEASING = YES;
				CLANG_WARN_BOOL_CONVERSION = YES;
				CLANG_WARN_COMMA = YES;
				CLANG_WARN_CONSTANT_CONVERSION = YES;
				CLANG_WARN_DEPRECATED_OBJC_IMPLEMENTATIONS = YES;
				CLANG_WARN_DIRECT_OBJC_ISA_USAGE = YES_ERROR;
				CLANG_WARN_DOCUMENTATION_COMMENTS = YES;
				CLANG_WARN_EMPTY_BODY = YES;
				CLANG_WARN_ENUM_CONVERSION = YES;
				CLANG_WARN_INFINITE_RECURSION = YES;
				CLANG_WARN_INT_CONVERSION = YES;
				CLANG_WARN_NON_LITERAL_NULL_CONVERSION = YES;
				CLANG_WARN_OBJC_IMPLICIT_RETAIN_SELF = YES;
				CLANG_WARN_OBJC_LITERAL_CONVERSION = YES;
				CLANG_WARN_OBJC_ROOT_CLASS = YES_ERROR;
				CLANG_WARN_RANGE_LOOP_ANALYSIS = YES;
				CLANG_WARN_STRICT_PROTOTYPES = YES;
				CLANG_WARN_SUSPICIOUS_MOVE = YES;
				CLANG_WARN_UNGUARDED_AVAILABILITY = YES_AGGRESSIVE;
				CLANG_WARN_UNREACHABLE_CODE = YES;
				CLANG_WARN__DUPLICATE_METHOD_MATCH = YES;
				CODE_SIGN_IDENTITY = "iPhone Developer";
				COPY_PHASE_STRIP = NO;
				DEBUG_INFORMATION_FORMAT = dwarf;
				ENABLE_STRICT_OBJC_MSGSEND = YES;
				ENABLE_TESTABILITY = YES;
				GCC_C_LANGUAGE_STANDARD = gnu11;
				GCC_DYNAMIC_NO_PIC = NO;
				GCC_NO_COMMON_BLOCKS = YES;
				GCC_OPTIMIZATION_LEVEL = 0;
				GCC_PREPROCESSOR_DEFINITIONS = (
					"DEBUG=1",
					"$(inherited)",
				);
				GCC_WARN_64_TO_32_BIT_CONVERSION = YES;
				GCC_WARN_ABOUT_RETURN_TYPE = YES_ERROR;
				GCC_WARN_UNDECLARED_SELECTOR = YES;
				GCC_WARN_UNINITIALIZED_AUTOS = YES_AGGRESSIVE;
				GCC_WARN_UNUSED_FUNCTION = YES;
				GCC_WARN_UNUSED_VARIABLE = YES;
				IPHONEOS_DEPLOYMENT_TARGET = 11.3;
				MTL_ENABLE_DEBUG_INFO = YES;
				ONLY_ACTIVE_ARCH = YES;
				SDKROOT = iphoneos;
				SWIFT_ACTIVE_COMPILATION_CONDITIONS = DEBUG;
				SWIFT_OPTIMIZATION_LEVEL = "-Onone";
			};
			name = Debug;
		};
		74BADAAB20ACE455003C3F6D /* Release */ = {
			isa = XCBuildConfiguration;
			buildSettings = {
				ALWAYS_SEARCH_USER_PATHS = NO;
				CLANG_ANALYZER_NONNULL = YES;
				CLANG_ANALYZER_NUMBER_OBJECT_CONVERSION = YES_AGGRESSIVE;
				CLANG_CXX_LANGUAGE_STANDARD = "gnu++14";
				CLANG_CXX_LIBRARY = "libc++";
				CLANG_ENABLE_MODULES = YES;
				CLANG_ENABLE_OBJC_ARC = YES;
				CLANG_ENABLE_OBJC_WEAK = YES;
				CLANG_WARN_BLOCK_CAPTURE_AUTORELEASING = YES;
				CLANG_WARN_BOOL_CONVERSION = YES;
				CLANG_WARN_COMMA = YES;
				CLANG_WARN_CONSTANT_CONVERSION = YES;
				CLANG_WARN_DEPRECATED_OBJC_IMPLEMENTATIONS = YES;
				CLANG_WARN_DIRECT_OBJC_ISA_USAGE = YES_ERROR;
				CLANG_WARN_DOCUMENTATION_COMMENTS = YES;
				CLANG_WARN_EMPTY_BODY = YES;
				CLANG_WARN_ENUM_CONVERSION = YES;
				CLANG_WARN_INFINITE_RECURSION = YES;
				CLANG_WARN_INT_CONVERSION = YES;
				CLANG_WARN_NON_LITERAL_NULL_CONVERSION = YES;
				CLANG_WARN_OBJC_IMPLICIT_RETAIN_SELF = YES;
				CLANG_WARN_OBJC_LITERAL_CONVERSION = YES;
				CLANG_WARN_OBJC_ROOT_CLASS = YES_ERROR;
				CLANG_WARN_RANGE_LOOP_ANALYSIS = YES;
				CLANG_WARN_STRICT_PROTOTYPES = YES;
				CLANG_WARN_SUSPICIOUS_MOVE = YES;
				CLANG_WARN_UNGUARDED_AVAILABILITY = YES_AGGRESSIVE;
				CLANG_WARN_UNREACHABLE_CODE = YES;
				CLANG_WARN__DUPLICATE_METHOD_MATCH = YES;
				CODE_SIGN_IDENTITY = "iPhone Developer";
				COPY_PHASE_STRIP = NO;
				DEBUG_INFORMATION_FORMAT = "dwarf-with-dsym";
				ENABLE_NS_ASSERTIONS = NO;
				ENABLE_STRICT_OBJC_MSGSEND = YES;
				GCC_C_LANGUAGE_STANDARD = gnu11;
				GCC_NO_COMMON_BLOCKS = YES;
				GCC_WARN_64_TO_32_BIT_CONVERSION = YES;
				GCC_WARN_ABOUT_RETURN_TYPE = YES_ERROR;
				GCC_WARN_UNDECLARED_SELECTOR = YES;
				GCC_WARN_UNINITIALIZED_AUTOS = YES_AGGRESSIVE;
				GCC_WARN_UNUSED_FUNCTION = YES;
				GCC_WARN_UNUSED_VARIABLE = YES;
				IPHONEOS_DEPLOYMENT_TARGET = 11.3;
				MTL_ENABLE_DEBUG_INFO = NO;
				SDKROOT = iphoneos;
				SWIFT_COMPILATION_MODE = wholemodule;
				SWIFT_OPTIMIZATION_LEVEL = "-O";
				VALIDATE_PRODUCT = YES;
			};
			name = Release;
		};
		74BADAAD20ACE455003C3F6D /* Debug */ = {
			isa = XCBuildConfiguration;
			buildSettings = {
				ASSETCATALOG_COMPILER_APPICON_NAME = AppIcon;
				CODE_SIGN_STYLE = Automatic;
				INFOPLIST_FILE = Repo_Test/Info.plist;
				LD_RUNPATH_SEARCH_PATHS = (
					"$(inherited)",
					"@executable_path/Frameworks",
				);
				PRODUCT_BUNDLE_IDENTIFIER = "yeshivish-webmasters.Repo-Test";
				PRODUCT_NAME = "$(TARGET_NAME)";
				SWIFT_VERSION = 4.0;
				TARGETED_DEVICE_FAMILY = "1,2";
			};
			name = Debug;
		};
		74BADAAE20ACE455003C3F6D /* Release */ = {
			isa = XCBuildConfiguration;
			buildSettings = {
				ASSETCATALOG_COMPILER_APPICON_NAME = AppIcon;
				CODE_SIGN_STYLE = Automatic;
				INFOPLIST_FILE = Repo_Test/Info.plist;
				LD_RUNPATH_SEARCH_PATHS = (
					"$(inherited)",
					"@executable_path/Frameworks",
				);
				PRODUCT_BUNDLE_IDENTIFIER = "yeshivish-webmasters.Repo-Test";
				PRODUCT_NAME = "$(TARGET_NAME)";
				SWIFT_VERSION = 4.0;
				TARGETED_DEVICE_FAMILY = "1,2";
			};
			name = Release;
		};
		74BADAB020ACE455003C3F6D /* Debug */ = {
			isa = XCBuildConfiguration;
			buildSettings = {
				ALWAYS_EMBED_SWIFT_STANDARD_LIBRARIES = YES;
				BUNDLE_LOADER = "$(TEST_HOST)";
				CODE_SIGN_STYLE = Automatic;
				INFOPLIST_FILE = Repo_TestTests/Info.plist;
				LD_RUNPATH_SEARCH_PATHS = (
					"$(inherited)",
					"@executable_path/Frameworks",
					"@loader_path/Frameworks",
				);
				PRODUCT_BUNDLE_IDENTIFIER = "yeshivish-webmasters.Repo-TestTests";
				PRODUCT_NAME = "$(TARGET_NAME)";
				SWIFT_VERSION = 4.0;
				TARGETED_DEVICE_FAMILY = "1,2";
				TEST_HOST = "$(BUILT_PRODUCTS_DIR)/Repo_Test.app/Repo_Test";
			};
			name = Debug;
		};
		74BADAB120ACE455003C3F6D /* Release */ = {
			isa = XCBuildConfiguration;
			buildSettings = {
				ALWAYS_EMBED_SWIFT_STANDARD_LIBRARIES = YES;
				BUNDLE_LOADER = "$(TEST_HOST)";
				CODE_SIGN_STYLE = Automatic;
				INFOPLIST_FILE = Repo_TestTests/Info.plist;
				LD_RUNPATH_SEARCH_PATHS = (
					"$(inherited)",
					"@executable_path/Frameworks",
					"@loader_path/Frameworks",
				);
				PRODUCT_BUNDLE_IDENTIFIER = "yeshivish-webmasters.Repo-TestTests";
				PRODUCT_NAME = "$(TARGET_NAME)";
				SWIFT_VERSION = 4.0;
				TARGETED_DEVICE_FAMILY = "1,2";
				TEST_HOST = "$(BUILT_PRODUCTS_DIR)/Repo_Test.app/Repo_Test";
			};
			name = Release;
		};
		74BADAB320ACE455003C3F6D /* Debug */ = {
			isa = XCBuildConfiguration;
			buildSettings = {
				ALWAYS_EMBED_SWIFT_STANDARD_LIBRARIES = YES;
				CODE_SIGN_STYLE = Automatic;
				INFOPLIST_FILE = Repo_TestUITests/Info.plist;
				LD_RUNPATH_SEARCH_PATHS = (
					"$(inherited)",
					"@executable_path/Frameworks",
					"@loader_path/Frameworks",
				);
				PRODUCT_BUNDLE_IDENTIFIER = "yeshivish-webmasters.Repo-TestUITests";
				PRODUCT_NAME = "$(TARGET_NAME)";
				SWIFT_VERSION = 4.0;
				TARGETED_DEVICE_FAMILY = "1,2";
				TEST_TARGET_NAME = Repo_Test;
			};
			name = Debug;
		};
		74BADAB420ACE455003C3F6D /* Release */ = {
			isa = XCBuildConfiguration;
			buildSettings = {
				ALWAYS_EMBED_SWIFT_STANDARD_LIBRARIES = YES;
				CODE_SIGN_STYLE = Automatic;
				INFOPLIST_FILE = Repo_TestUITests/Info.plist;
				LD_RUNPATH_SEARCH_PATHS = (
					"$(inherited)",
					"@executable_path/Frameworks",
					"@loader_path/Frameworks",
				);
				PRODUCT_BUNDLE_IDENTIFIER = "yeshivish-webmasters.Repo-TestUITests";
				PRODUCT_NAME = "$(TARGET_NAME)";
				SWIFT_VERSION = 4.0;
				TARGETED_DEVICE_FAMILY = "1,2";
				TEST_TARGET_NAME = Repo_Test;
			};
			name = Release;
		};
/* End XCBuildConfiguration section */

/* Begin XCConfigurationList section */
		74BADA7F20ACE44E003C3F6D /* Build configuration list for PBXProject "Repo_Test" */ = {
			isa = XCConfigurationList;
			buildConfigurations = (
				74BADAAA20ACE455003C3F6D /* Debug */,
				74BADAAB20ACE455003C3F6D /* Release */,
			);
			defaultConfigurationIsVisible = 0;
			defaultConfigurationName = Release;
		};
		74BADAAC20ACE455003C3F6D /* Build configuration list for PBXNativeTarget "Repo_Test" */ = {
			isa = XCConfigurationList;
			buildConfigurations = (
				74BADAAD20ACE455003C3F6D /* Debug */,
				74BADAAE20ACE455003C3F6D /* Release */,
			);
			defaultConfigurationIsVisible = 0;
			defaultConfigurationName = Release;
		};
		74BADAAF20ACE455003C3F6D /* Build configuration list for PBXNativeTarget "Repo_TestTests" */ = {
			isa = XCConfigurationList;
			buildConfigurations = (
				74BADAB020ACE455003C3F6D /* Debug */,
				74BADAB120ACE455003C3F6D /* Release */,
			);
			defaultConfigurationIsVisible = 0;
			defaultConfigurationName = Release;
		};
		74BADAB220ACE455003C3F6D /* Build configuration list for PBXNativeTarget "Repo_TestUITests" */ = {
			isa = XCConfigurationList;
			buildConfigurations = (
				74BADAB320ACE455003C3F6D /* Debug */,
				74BADAB420ACE455003C3F6D /* Release */,
			);
			defaultConfigurationIsVisible = 0;
			defaultConfigurationName = Release;
		};
/* End XCConfigurationList section */
	};
	rootObject = 74BADA7C20ACE44E003C3F6D /* Project object */;
}
